# This file is autogenerated, do not edit; changes may be undone by the next 'dep ensure'.


[[projects]]
  branch = "master"
  digest = "1:7f3dcdb6d9fc5cae2bea8f8032897aba5cb5a6a5fb4c687dff3f8d2cbcca1bcd"
  name = "github.com/bradfitz/slice"
  packages = ["."]
  pruneopts = "UT"
  revision = "2b758aa73013d2b1f11077aeca87ea042a1438bf"

[[projects]]
  branch = "master"
  digest = "1:87ccd3930fecd2fda7b482c7914f73f89c85c2f1854ef009d187f81362630c69"
  name = "go4.org"
  packages = ["reflectutil"]
  pruneopts = "UT"
  revision = "132d2879e1e95dadb805c26cd339344efd1a67c8"

[solve-meta]
  analyzer-name = "dep"
  analyzer-version = 1
  input-imports = ["github.com/bradfitz/slice"]
  solver-name = "gps-cdcl"
  solver-version = 1
